
Microsoft Visual Studio Solution File, Format Version 12.00
# Visual Studio Version 17
VisualStudioVersion = 17.8.34316.72
MinimumVisualStudioVersion = 10.0.40219.1
Project("{9A19103F-16F7-4668-BE54-9A1E7A4F7556}") = "BurnInControl.StationService", "BurnInControl.StationService\BurnInControl.StationService.csproj", "{247401D6-4584-4C6F-99A8-0786BD6BCC33}"
EndProject
Project("{2150E333-8FDC-42A3-9474-1A3956D46DE8}") = "Solution Items", "Solution Items", "{C14CD9BF-E712-4F23-92BD-A87D3519BD4D}"
	ProjectSection(SolutionItems) = preProject
		docker-compose.yml = docker-compose.yml
	EndProjectSection
EndProject
Project("{FAE04EC0-301F-11D3-BF4B-00C04F79EFBC}") = "BurnInControl.Data", "BurnInControl.Data\BurnInControl.Data.csproj", "{85267C7D-B679-4B82-A31F-1F48D19B6C41}"
EndProject
Project("{FAE04EC0-301F-11D3-BF4B-00C04F79EFBC}") = "BurnInControl.Infrastructure", "BurnInControl.Infrastructure\BurnInControl.Infrastructure.csproj", "{EEEDED7D-2FAD-41B2-A2AF-00CB9D70A699}"
EndProject
Project("{FAE04EC0-301F-11D3-BF4B-00C04F79EFBC}") = "BurnInControl.Shared", "BurnInControl.Shared\BurnInControl.Shared.csproj", "{A3942FE7-4666-4377-961C-EDC04F86548B}"
EndProject
Project("{FAE04EC0-301F-11D3-BF4B-00C04F79EFBC}") = "BurnInControl.Application", "BurnInControl.Application\BurnInControl.Application.csproj", "{0EE79382-6BC1-4015-92A5-7C0FA571FB0A}"
EndProject
Project("{FAE04EC0-301F-11D3-BF4B-00C04F79EFBC}") = "StationService.Infrastructure", "StationService.Infrastructure\StationService.Infrastructure.csproj", "{12BB1177-6FE5-498D-A5A1-08CD32FACCB3}"
EndProject
Project("{FAE04EC0-301F-11D3-BF4B-00C04F79EFBC}") = "BurnInControl.UI", "BurnInControl.UI\BurnInControl.UI.csproj", "{A9278020-AE3F-43EC-AE08-8FDFBAEAEDFD}"
EndProject
Project("{FAE04EC0-301F-11D3-BF4B-00C04F79EFBC}") = "BurnInControl.UI.Shared", "BurnInControl.UI.Shared\BurnInControl.UI.Shared.csproj", "{66298C55-154A-4E41-B1DD-13B9EB6F9CF6}"
EndProject
Project("{2150E333-8FDC-42A3-9474-1A3956D46DE8}") = "UI", "UI", "{ED5556C3-9BEA-4E3E-ADB7-C91FC63B6637}"
EndProject
Project("{2150E333-8FDC-42A3-9474-1A3956D46DE8}") = "Backend", "Backend", "{605F2C0B-4B99-405B-9076-E094874C3AE8}"
EndProject
Project("{2150E333-8FDC-42A3-9474-1A3956D46DE8}") = "Testing", "Testing", "{08CDAECA-A104-4CD7-AA48-B6FF451ADDE1}"
EndProject
Project("{FAE04EC0-301F-11D3-BF4B-00C04F79EFBC}") = "BurnInControl.ConsoleTesting", "BurnInControl.ConsoleTesting\BurnInControl.ConsoleTesting.csproj", "{D65B3FD2-1E07-49C4-AC49-393CB5AD916C}"
EndProject
Project("{2150E333-8FDC-42A3-9474-1A3956D46DE8}") = "Web", "Web", "{BCD822C5-DD11-4027-92A2-FFFBC558855F}"
EndProject
Project("{FAE04EC0-301F-11D3-BF4B-00C04F79EFBC}") = "BurnInControl.Api", "BurnInControl.Api\BurnInControl.Api.csproj", "{ECCD7356-60D0-460F-9236-20C8A879F26B}"
EndProject
Project("{FAE04EC0-301F-11D3-BF4B-00C04F79EFBC}") = "BurnInControl.HubDefinitions", "BurnInControl.HubDefinitions\BurnInControl.HubDefinitions.csproj", "{11102E3C-0168-473E-89C1-D3200DAA5AFD}"
EndProject
Project("{FAE04EC0-301F-11D3-BF4B-00C04F79EFBC}") = "BurnInControl.Dashboard", "BurnInControl.Dashboard\BurnInControl.Dashboard.csproj", "{CF575AB9-2909-49A1-855D-10BE754F7F00}"
EndProject
Global
	GlobalSection(SolutionConfigurationPlatforms) = preSolution
		Debug|Any CPU = Debug|Any CPU
		Release|Any CPU = Release|Any CPU
	EndGlobalSection
	GlobalSection(ProjectConfigurationPlatforms) = postSolution
		{247401D6-4584-4C6F-99A8-0786BD6BCC33}.Debug|Any CPU.ActiveCfg = Debug|Any CPU
		{247401D6-4584-4C6F-99A8-0786BD6BCC33}.Debug|Any CPU.Build.0 = Debug|Any CPU
		{247401D6-4584-4C6F-99A8-0786BD6BCC33}.Release|Any CPU.ActiveCfg = Release|Any CPU
		{247401D6-4584-4C6F-99A8-0786BD6BCC33}.Release|Any CPU.Build.0 = Release|Any CPU
		{85267C7D-B679-4B82-A31F-1F48D19B6C41}.Debug|Any CPU.ActiveCfg = Debug|Any CPU
		{85267C7D-B679-4B82-A31F-1F48D19B6C41}.Debug|Any CPU.Build.0 = Debug|Any CPU
		{85267C7D-B679-4B82-A31F-1F48D19B6C41}.Release|Any CPU.ActiveCfg = Release|Any CPU
		{85267C7D-B679-4B82-A31F-1F48D19B6C41}.Release|Any CPU.Build.0 = Release|Any CPU
		{EEEDED7D-2FAD-41B2-A2AF-00CB9D70A699}.Debug|Any CPU.ActiveCfg = Debug|Any CPU
		{EEEDED7D-2FAD-41B2-A2AF-00CB9D70A699}.Debug|Any CPU.Build.0 = Debug|Any CPU
		{EEEDED7D-2FAD-41B2-A2AF-00CB9D70A699}.Release|Any CPU.ActiveCfg = Release|Any CPU
		{EEEDED7D-2FAD-41B2-A2AF-00CB9D70A699}.Release|Any CPU.Build.0 = Release|Any CPU
		{A3942FE7-4666-4377-961C-EDC04F86548B}.Debug|Any CPU.ActiveCfg = Debug|Any CPU
		{A3942FE7-4666-4377-961C-EDC04F86548B}.Debug|Any CPU.Build.0 = Debug|Any CPU
		{A3942FE7-4666-4377-961C-EDC04F86548B}.Release|Any CPU.ActiveCfg = Release|Any CPU
		{A3942FE7-4666-4377-961C-EDC04F86548B}.Release|Any CPU.Build.0 = Release|Any CPU
		{0EE79382-6BC1-4015-92A5-7C0FA571FB0A}.Debug|Any CPU.ActiveCfg = Debug|Any CPU
		{0EE79382-6BC1-4015-92A5-7C0FA571FB0A}.Debug|Any CPU.Build.0 = Debug|Any CPU
		{0EE79382-6BC1-4015-92A5-7C0FA571FB0A}.Release|Any CPU.ActiveCfg = Release|Any CPU
		{0EE79382-6BC1-4015-92A5-7C0FA571FB0A}.Release|Any CPU.Build.0 = Release|Any CPU
		{12BB1177-6FE5-498D-A5A1-08CD32FACCB3}.Debug|Any CPU.ActiveCfg = Debug|Any CPU
		{12BB1177-6FE5-498D-A5A1-08CD32FACCB3}.Debug|Any CPU.Build.0 = Debug|Any CPU
		{12BB1177-6FE5-498D-A5A1-08CD32FACCB3}.Release|Any CPU.ActiveCfg = Release|Any CPU
		{12BB1177-6FE5-498D-A5A1-08CD32FACCB3}.Release|Any CPU.Build.0 = Release|Any CPU
		{A9278020-AE3F-43EC-AE08-8FDFBAEAEDFD}.Debug|Any CPU.ActiveCfg = Debug|Any CPU
		{A9278020-AE3F-43EC-AE08-8FDFBAEAEDFD}.Debug|Any CPU.Build.0 = Debug|Any CPU
		{A9278020-AE3F-43EC-AE08-8FDFBAEAEDFD}.Release|Any CPU.ActiveCfg = Release|Any CPU
		{A9278020-AE3F-43EC-AE08-8FDFBAEAEDFD}.Release|Any CPU.Build.0 = Release|Any CPU
		{66298C55-154A-4E41-B1DD-13B9EB6F9CF6}.Debug|Any CPU.ActiveCfg = Debug|Any CPU
		{66298C55-154A-4E41-B1DD-13B9EB6F9CF6}.Debug|Any CPU.Build.0 = Debug|Any CPU
		{66298C55-154A-4E41-B1DD-13B9EB6F9CF6}.Release|Any CPU.ActiveCfg = Release|Any CPU
		{66298C55-154A-4E41-B1DD-13B9EB6F9CF6}.Release|Any CPU.Build.0 = Release|Any CPU
		{D65B3FD2-1E07-49C4-AC49-393CB5AD916C}.Debug|Any CPU.ActiveCfg = Debug|Any CPU
		{D65B3FD2-1E07-49C4-AC49-393CB5AD916C}.Debug|Any CPU.Build.0 = Debug|Any CPU
		{D65B3FD2-1E07-49C4-AC49-393CB5AD916C}.Release|Any CPU.ActiveCfg = Release|Any CPU
		{D65B3FD2-1E07-49C4-AC49-393CB5AD916C}.Release|Any CPU.Build.0 = Release|Any CPU
		{ECCD7356-60D0-460F-9236-20C8A879F26B}.Debug|Any CPU.ActiveCfg = Debug|Any CPU
		{ECCD7356-60D0-460F-9236-20C8A879F26B}.Debug|Any CPU.Build.0 = Debug|Any CPU
		{ECCD7356-60D0-460F-9236-20C8A879F26B}.Release|Any CPU.ActiveCfg = Release|Any CPU
		{ECCD7356-60D0-460F-9236-20C8A879F26B}.Release|Any CPU.Build.0 = Release|Any CPU
		{11102E3C-0168-473E-89C1-D3200DAA5AFD}.Debug|Any CPU.ActiveCfg = Debug|Any CPU
		{11102E3C-0168-473E-89C1-D3200DAA5AFD}.Debug|Any CPU.Build.0 = Debug|Any CPU
		{11102E3C-0168-473E-89C1-D3200DAA5AFD}.Release|Any CPU.ActiveCfg = Release|Any CPU
		{11102E3C-0168-473E-89C1-D3200DAA5AFD}.Release|Any CPU.Build.0 = Release|Any CPU
		{CF575AB9-2909-49A1-855D-10BE754F7F00}.Debug|Any CPU.ActiveCfg = Debug|Any CPU
		{CF575AB9-2909-49A1-855D-10BE754F7F00}.Debug|Any CPU.Build.0 = Debug|Any CPU
		{CF575AB9-2909-49A1-855D-10BE754F7F00}.Release|Any CPU.ActiveCfg = Release|Any CPU
		{CF575AB9-2909-49A1-855D-10BE754F7F00}.Release|Any CPU.Build.0 = Release|Any CPU
	EndGlobalSection
	GlobalSection(SolutionProperties) = preSolution
		HideSolutionNode = FALSE
	EndGlobalSection
	GlobalSection(ExtensibilityGlobals) = postSolution
		SolutionGuid = {2854752E-1013-42EC-AE13-CB386BEA0530}
	EndGlobalSection
	GlobalSection(NestedProjects) = preSolution
		{0EE79382-6BC1-4015-92A5-7C0FA571FB0A} = {605F2C0B-4B99-405B-9076-E094874C3AE8}
		{85267C7D-B679-4B82-A31F-1F48D19B6C41} = {605F2C0B-4B99-405B-9076-E094874C3AE8}
		{EEEDED7D-2FAD-41B2-A2AF-00CB9D70A699} = {605F2C0B-4B99-405B-9076-E094874C3AE8}
		{A3942FE7-4666-4377-961C-EDC04F86548B} = {605F2C0B-4B99-405B-9076-E094874C3AE8}
		{247401D6-4584-4C6F-99A8-0786BD6BCC33} = {605F2C0B-4B99-405B-9076-E094874C3AE8}
		{12BB1177-6FE5-498D-A5A1-08CD32FACCB3} = {605F2C0B-4B99-405B-9076-E094874C3AE8}
		{66298C55-154A-4E41-B1DD-13B9EB6F9CF6} = {ED5556C3-9BEA-4E3E-ADB7-C91FC63B6637}
		{A9278020-AE3F-43EC-AE08-8FDFBAEAEDFD} = {ED5556C3-9BEA-4E3E-ADB7-C91FC63B6637}
		{D65B3FD2-1E07-49C4-AC49-393CB5AD916C} = {08CDAECA-A104-4CD7-AA48-B6FF451ADDE1}
		{ECCD7356-60D0-460F-9236-20C8A879F26B} = {BCD822C5-DD11-4027-92A2-FFFBC558855F}
		{11102E3C-0168-473E-89C1-D3200DAA5AFD} = {605F2C0B-4B99-405B-9076-E094874C3AE8}
		{CF575AB9-2909-49A1-855D-10BE754F7F00} = {ED5556C3-9BEA-4E3E-ADB7-C91FC63B6637}
	EndGlobalSection
EndGlobal
