
Microsoft Visual Studio Solution File, Format Version 12.00
# Visual Studio Version 17
VisualStudioVersion = 17.8.34316.72
MinimumVisualStudioVersion = 10.0.40219.1
Project("{9A19103F-16F7-4668-BE54-9A1E7A4F7556}") = "BurnIn.UI", "BurnIn.UI\BurnIn.UI.csproj", "{63347D2C-C221-47E3-BFA3-184AEFFA4558}"
EndProject
Project("{9A19103F-16F7-4668-BE54-9A1E7A4F7556}") = "BurnIn.UI.Desktop", "BurnIn.UI.Desktop\BurnIn.UI.Desktop.csproj", "{A6D6F040-014B-4B79-9AB3-7C52A43C7A4A}"
EndProject
Project("{9A19103F-16F7-4668-BE54-9A1E7A4F7556}") = "BurnIn.Shared", "BurnIn.Shared\BurnIn.Shared.csproj", "{CC463179-C260-4A30-B06C-B91184FE79C2}"
EndProject
Project("{9A19103F-16F7-4668-BE54-9A1E7A4F7556}") = "HubTesting", "HubTesting\HubTesting.csproj", "{4F5FD55D-C18C-453A-B64F-93CB10351E2C}"
EndProject
Project("{9A19103F-16F7-4668-BE54-9A1E7A4F7556}") = "HubServer", "HubServer\HubServer.csproj", "{58E2683A-AEE8-482B-A73F-57CBAB11952A}"
EndProject
Project("{9A19103F-16F7-4668-BE54-9A1E7A4F7556}") = "BurnIn.ControlService", "BurnIn.ControlService\BurnIn.ControlService.csproj", "{247401D6-4584-4C6F-99A8-0786BD6BCC33}"
EndProject
Project("{FAE04EC0-301F-11D3-BF4B-00C04F79EFBC}") = "BurnInApp", "BurnInApp\BurnInApp.csproj", "{CD0C4E1E-F0A4-472D-A838-8EF9E77306B6}"
EndProject
Project("{FAE04EC0-301F-11D3-BF4B-00C04F79EFBC}") = "BurnIn.UsbTesting", "BurnIn.UsbTesting\BurnIn.UsbTesting.csproj", "{EC83524A-55C3-4FA2-A031-2D7844D90395}"
EndProject
Project("{FAE04EC0-301F-11D3-BF4B-00C04F79EFBC}") = "BurnIn.BlazorUI", "BurnIn.BlazorUI\BurnIn.BlazorUI.csproj", "{C433AA51-2053-43E8-80C3-51734D254EB8}"
EndProject
Project("{2150E333-8FDC-42A3-9474-1A3956D46DE8}") = "Solution Items", "Solution Items", "{C14CD9BF-E712-4F23-92BD-A87D3519BD4D}"
	ProjectSection(SolutionItems) = preProject
		docker-compose.yml = docker-compose.yml
	EndProjectSection
EndProject
Global
	GlobalSection(SolutionConfigurationPlatforms) = preSolution
		Debug|Any CPU = Debug|Any CPU
		Release|Any CPU = Release|Any CPU
	EndGlobalSection
	GlobalSection(ProjectConfigurationPlatforms) = postSolution
		{63347D2C-C221-47E3-BFA3-184AEFFA4558}.Debug|Any CPU.ActiveCfg = Debug|Any CPU
		{63347D2C-C221-47E3-BFA3-184AEFFA4558}.Debug|Any CPU.Build.0 = Debug|Any CPU
		{63347D2C-C221-47E3-BFA3-184AEFFA4558}.Release|Any CPU.ActiveCfg = Release|Any CPU
		{63347D2C-C221-47E3-BFA3-184AEFFA4558}.Release|Any CPU.Build.0 = Release|Any CPU
		{A6D6F040-014B-4B79-9AB3-7C52A43C7A4A}.Debug|Any CPU.ActiveCfg = Debug|Any CPU
		{A6D6F040-014B-4B79-9AB3-7C52A43C7A4A}.Debug|Any CPU.Build.0 = Debug|Any CPU
		{A6D6F040-014B-4B79-9AB3-7C52A43C7A4A}.Release|Any CPU.ActiveCfg = Release|Any CPU
		{A6D6F040-014B-4B79-9AB3-7C52A43C7A4A}.Release|Any CPU.Build.0 = Release|Any CPU
		{CC463179-C260-4A30-B06C-B91184FE79C2}.Debug|Any CPU.ActiveCfg = Debug|Any CPU
		{CC463179-C260-4A30-B06C-B91184FE79C2}.Debug|Any CPU.Build.0 = Debug|Any CPU
		{CC463179-C260-4A30-B06C-B91184FE79C2}.Release|Any CPU.ActiveCfg = Release|Any CPU
		{CC463179-C260-4A30-B06C-B91184FE79C2}.Release|Any CPU.Build.0 = Release|Any CPU
		{4F5FD55D-C18C-453A-B64F-93CB10351E2C}.Debug|Any CPU.ActiveCfg = Debug|Any CPU
		{4F5FD55D-C18C-453A-B64F-93CB10351E2C}.Debug|Any CPU.Build.0 = Debug|Any CPU
		{4F5FD55D-C18C-453A-B64F-93CB10351E2C}.Release|Any CPU.ActiveCfg = Release|Any CPU
		{4F5FD55D-C18C-453A-B64F-93CB10351E2C}.Release|Any CPU.Build.0 = Release|Any CPU
		{58E2683A-AEE8-482B-A73F-57CBAB11952A}.Debug|Any CPU.ActiveCfg = Debug|Any CPU
		{58E2683A-AEE8-482B-A73F-57CBAB11952A}.Debug|Any CPU.Build.0 = Debug|Any CPU
		{58E2683A-AEE8-482B-A73F-57CBAB11952A}.Release|Any CPU.ActiveCfg = Release|Any CPU
		{58E2683A-AEE8-482B-A73F-57CBAB11952A}.Release|Any CPU.Build.0 = Release|Any CPU
		{247401D6-4584-4C6F-99A8-0786BD6BCC33}.Debug|Any CPU.ActiveCfg = Debug|Any CPU
		{247401D6-4584-4C6F-99A8-0786BD6BCC33}.Debug|Any CPU.Build.0 = Debug|Any CPU
		{247401D6-4584-4C6F-99A8-0786BD6BCC33}.Release|Any CPU.ActiveCfg = Release|Any CPU
		{247401D6-4584-4C6F-99A8-0786BD6BCC33}.Release|Any CPU.Build.0 = Release|Any CPU
		{CD0C4E1E-F0A4-472D-A838-8EF9E77306B6}.Debug|Any CPU.ActiveCfg = Debug|Any CPU
		{CD0C4E1E-F0A4-472D-A838-8EF9E77306B6}.Debug|Any CPU.Build.0 = Debug|Any CPU
		{CD0C4E1E-F0A4-472D-A838-8EF9E77306B6}.Release|Any CPU.ActiveCfg = Release|Any CPU
		{CD0C4E1E-F0A4-472D-A838-8EF9E77306B6}.Release|Any CPU.Build.0 = Release|Any CPU
		{EC83524A-55C3-4FA2-A031-2D7844D90395}.Debug|Any CPU.ActiveCfg = Debug|Any CPU
		{EC83524A-55C3-4FA2-A031-2D7844D90395}.Debug|Any CPU.Build.0 = Debug|Any CPU
		{EC83524A-55C3-4FA2-A031-2D7844D90395}.Release|Any CPU.ActiveCfg = Release|Any CPU
		{EC83524A-55C3-4FA2-A031-2D7844D90395}.Release|Any CPU.Build.0 = Release|Any CPU
		{C433AA51-2053-43E8-80C3-51734D254EB8}.Debug|Any CPU.ActiveCfg = Debug|Any CPU
		{C433AA51-2053-43E8-80C3-51734D254EB8}.Debug|Any CPU.Build.0 = Debug|Any CPU
		{C433AA51-2053-43E8-80C3-51734D254EB8}.Release|Any CPU.ActiveCfg = Release|Any CPU
		{C433AA51-2053-43E8-80C3-51734D254EB8}.Release|Any CPU.Build.0 = Release|Any CPU
	EndGlobalSection
	GlobalSection(SolutionProperties) = preSolution
		HideSolutionNode = FALSE
	EndGlobalSection
	GlobalSection(ExtensibilityGlobals) = postSolution
		SolutionGuid = {2854752E-1013-42EC-AE13-CB386BEA0530}
	EndGlobalSection
EndGlobal
